
Microsoft Visual Studio Solution File, Format Version 12.00
# Visual Studio 15
Project("{FAE04EC0-301F-11D3-BF4B-00C04F79EFBC}") = "Assembly-CSharp", "Assembly-CSharp.csproj", "{42551296-D3C7-2B03-4B7D-8CBF6C962AF9}"
EndProject
Project("{FAE04EC0-301F-11D3-BF4B-00C04F79EFBC}") = "Assembly-CSharp", "Assembly-CSharp.Player.csproj", "{3843E7CA-4BEE-11F9-23FB-282BD80D7F4F}"
EndProject
Global
	GlobalSection(SolutionConfigurationPlatforms) = preSolution
		Debug|Any CPU = Debug|Any CPU
		Release|Any CPU = Release|Any CPU
	EndGlobalSection
	GlobalSection(ProjectConfigurationPlatforms) = postSolution
		{42551296-D3C7-2B03-4B7D-8CBF6C962AF9}.Debug|Any CPU.ActiveCfg = Debug|Any CPU
		{42551296-D3C7-2B03-4B7D-8CBF6C962AF9}.Debug|Any CPU.Build.0 = Debug|Any CPU
		{42551296-D3C7-2B03-4B7D-8CBF6C962AF9}.Release|Any CPU.ActiveCfg = Release|Any CPU
		{42551296-D3C7-2B03-4B7D-8CBF6C962AF9}.Release|Any CPU.Build.0 = Release|Any CPU
		{3843E7CA-4BEE-11F9-23FB-282BD80D7F4F}.Debug|Any CPU.ActiveCfg = Debug|Any CPU
		{3843E7CA-4BEE-11F9-23FB-282BD80D7F4F}.Debug|Any CPU.Build.0 = Debug|Any CPU
		{3843E7CA-4BEE-11F9-23FB-282BD80D7F4F}.Release|Any CPU.ActiveCfg = Release|Any CPU
		{3843E7CA-4BEE-11F9-23FB-282BD80D7F4F}.Release|Any CPU.Build.0 = Release|Any CPU
	EndGlobalSection
	GlobalSection(SolutionProperties) = preSolution
		HideSolutionNode = FALSE
	EndGlobalSection
EndGlobal
