
Microsoft Visual Studio Solution File, Format Version 12.00
# Visual Studio 15
Project("{FAE04EC0-301F-11D3-BF4B-00C04F79EFBC}") = "Assembly-CSharp", "Assembly-CSharp.csproj", "{59E7659A-EAB3-8677-F787-B749B360DB20}"
EndProject
Project("{FAE04EC0-301F-11D3-BF4B-00C04F79EFBC}") = "Assembly-CSharp", "Assembly-CSharp.Player.csproj", "{7B35E1E5-D0CC-209F-A514-8D16E36E3DC4}"
EndProject
Global
	GlobalSection(SolutionConfigurationPlatforms) = preSolution
		Debug|Any CPU = Debug|Any CPU
		Release|Any CPU = Release|Any CPU
	EndGlobalSection
	GlobalSection(ProjectConfigurationPlatforms) = postSolution
		{59E7659A-EAB3-8677-F787-B749B360DB20}.Debug|Any CPU.ActiveCfg = Debug|Any CPU
		{59E7659A-EAB3-8677-F787-B749B360DB20}.Debug|Any CPU.Build.0 = Debug|Any CPU
		{59E7659A-EAB3-8677-F787-B749B360DB20}.Release|Any CPU.ActiveCfg = Release|Any CPU
		{59E7659A-EAB3-8677-F787-B749B360DB20}.Release|Any CPU.Build.0 = Release|Any CPU
		{7B35E1E5-D0CC-209F-A514-8D16E36E3DC4}.Debug|Any CPU.ActiveCfg = Debug|Any CPU
		{7B35E1E5-D0CC-209F-A514-8D16E36E3DC4}.Debug|Any CPU.Build.0 = Debug|Any CPU
		{7B35E1E5-D0CC-209F-A514-8D16E36E3DC4}.Release|Any CPU.ActiveCfg = Release|Any CPU
		{7B35E1E5-D0CC-209F-A514-8D16E36E3DC4}.Release|Any CPU.Build.0 = Release|Any CPU
	EndGlobalSection
	GlobalSection(SolutionProperties) = preSolution
		HideSolutionNode = FALSE
	EndGlobalSection
EndGlobal
